
Microsoft Visual Studio Solution File, Format Version 12.00
# Visual Studio Version 16
VisualStudioVersion = 16.0.31729.503
MinimumVisualStudioVersion = 10.0.40219.1
Project("{8BC9CEB8-8B4A-11D0-8D11-00A0C91BC942}") = "Knight Vs Orc", "Knight Vs Orc\Knight Vs Orc.vcxproj", "{6B0B2F3F-E39B-4E7A-A447-C7F9C586EC7C}"
EndProject
Global
	GlobalSection(SolutionConfigurationPlatforms) = preSolution
		Debug|x64 = Debug|x64
		Debug|x86 = Debug|x86
		Release|x64 = Release|x64
		Release|x86 = Release|x86
	EndGlobalSection
	GlobalSection(ProjectConfigurationPlatforms) = postSolution
		{6B0B2F3F-E39B-4E7A-A447-C7F9C586EC7C}.Debug|x64.ActiveCfg = Debug|x64
		{6B0B2F3F-E39B-4E7A-A447-C7F9C586EC7C}.Debug|x64.Build.0 = Debug|x64
		{6B0B2F3F-E39B-4E7A-A447-C7F9C586EC7C}.Debug|x86.ActiveCfg = Debug|Win32
		{6B0B2F3F-E39B-4E7A-A447-C7F9C586EC7C}.Debug|x86.Build.0 = Debug|Win32
		{6B0B2F3F-E39B-4E7A-A447-C7F9C586EC7C}.Release|x64.ActiveCfg = Release|x64
		{6B0B2F3F-E39B-4E7A-A447-C7F9C586EC7C}.Release|x64.Build.0 = Release|x64
		{6B0B2F3F-E39B-4E7A-A447-C7F9C586EC7C}.Release|x86.ActiveCfg = Release|Win32
		{6B0B2F3F-E39B-4E7A-A447-C7F9C586EC7C}.Release|x86.Build.0 = Release|Win32
	EndGlobalSection
	GlobalSection(SolutionProperties) = preSolution
		HideSolutionNode = FALSE
	EndGlobalSection
	GlobalSection(ExtensibilityGlobals) = postSolution
		SolutionGuid = {0AA38214-BF05-4870-86C5-30C6FE8B031B}
	EndGlobalSection
EndGlobal
